
Microsoft Visual Studio Solution File, Format Version 12.00
# Visual Studio Version 17
VisualStudioVersion = 17.13.35931.197 d17.13
MinimumVisualStudioVersion = 10.0.40219.1
Project("{FAE04EC0-301F-11D3-BF4B-00C04F79EFBC}") = "simple_application_core_api", "simple_application_core_api.csproj", "{F572ED32-DFA0-4509-8019-FA06B8DF5A28}"
EndProject
Global
	GlobalSection(SolutionConfigurationPlatforms) = preSolution
		Debug|Any CPU = Debug|Any CPU
		Release|Any CPU = Release|Any CPU
	EndGlobalSection
	GlobalSection(ProjectConfigurationPlatforms) = postSolution
		{F572ED32-DFA0-4509-8019-FA06B8DF5A28}.Debug|Any CPU.ActiveCfg = Debug|Any CPU
		{F572ED32-DFA0-4509-8019-FA06B8DF5A28}.Debug|Any CPU.Build.0 = Debug|Any CPU
		{F572ED32-DFA0-4509-8019-FA06B8DF5A28}.Release|Any CPU.ActiveCfg = Release|Any CPU
		{F572ED32-DFA0-4509-8019-FA06B8DF5A28}.Release|Any CPU.Build.0 = Release|Any CPU
	EndGlobalSection
	GlobalSection(SolutionProperties) = preSolution
		HideSolutionNode = FALSE
	EndGlobalSection
	GlobalSection(ExtensibilityGlobals) = postSolution
		SolutionGuid = {1FDCC657-5C2E-4C8C-AD0F-4DC408C213E4}
	EndGlobalSection
EndGlobal
